
Microsoft Visual Studio Solution File, Format Version 12.00
# Visual Studio Version 17
VisualStudioVersion = 17.1.32328.378
MinimumVisualStudioVersion = 10.0.40219.1
Project("{FAE04EC0-301F-11D3-BF4B-00C04F79EFBC}") = "WebApp.Api", "WebApp.Api\WebApp.Api.csproj", "{D006F370-4078-4FF2-99E7-DE06A067E5DA}"
EndProject
Project("{FAE04EC0-301F-11D3-BF4B-00C04F79EFBC}") = "WebApp.Processor", "WebApp.Processor\WebApp.Processor.csproj", "{0651B9B7-25A4-49CE-90AD-B5168E0ACE70}"
EndProject
Global
	GlobalSection(SolutionConfigurationPlatforms) = preSolution
		Debug|Any CPU = Debug|Any CPU
		Release|Any CPU = Release|Any CPU
	EndGlobalSection
	GlobalSection(ProjectConfigurationPlatforms) = postSolution
		{D006F370-4078-4FF2-99E7-DE06A067E5DA}.Debug|Any CPU.ActiveCfg = Debug|Any CPU
		{D006F370-4078-4FF2-99E7-DE06A067E5DA}.Debug|Any CPU.Build.0 = Debug|Any CPU
		{D006F370-4078-4FF2-99E7-DE06A067E5DA}.Release|Any CPU.ActiveCfg = Release|Any CPU
		{D006F370-4078-4FF2-99E7-DE06A067E5DA}.Release|Any CPU.Build.0 = Release|Any CPU
		{0651B9B7-25A4-49CE-90AD-B5168E0ACE70}.Debug|Any CPU.ActiveCfg = Debug|Any CPU
		{0651B9B7-25A4-49CE-90AD-B5168E0ACE70}.Debug|Any CPU.Build.0 = Debug|Any CPU
		{0651B9B7-25A4-49CE-90AD-B5168E0ACE70}.Release|Any CPU.ActiveCfg = Release|Any CPU
		{0651B9B7-25A4-49CE-90AD-B5168E0ACE70}.Release|Any CPU.Build.0 = Release|Any CPU
	EndGlobalSection
	GlobalSection(SolutionProperties) = preSolution
		HideSolutionNode = FALSE
	EndGlobalSection
	GlobalSection(ExtensibilityGlobals) = postSolution
		SolutionGuid = {7C80DDF2-C212-4095-9302-445ECFD8B5FB}
	EndGlobalSection
EndGlobal
